github.com/panr/hugo-theme-hello-friend v0.0.0-20230610160555-05c4ecfd03d7 h1:zkDQoKhysQ1amFrZs1uQoShmDLQUvUF9pf3eAkXNdqI=
github.com/panr/hugo-theme-hello-friend v0.0.0-20230610160555-05c4ecfd03d7/go.mod h1:JIa0X0X//YWawD537HytHDdYUhl4TtOMRx+HCMJXEc4=
github.com/theNewDynamic/gohugo-theme-ananke v0.0.0-20231122160523-91df000ca827 h1:70DjvollwE7ZTbgF0E9hsR/cBYrNLwv59UaOb16Tm5c=
github.com/theNewDynamic/gohugo-theme-ananke v0.0.0-20231122160523-91df000ca827/go.mod h1:yY14BLqqh5G61rO81YcJKMHY1rClY5iIiUK+K2JKSUM=
github.com/zeon-studio/hugoplate v0.0.0-20240101043423-aa00fbb34355 h1:V3Vandt/Pvj6IIkV8VRTnknFLugt6bSoxRrCBg245mg=
github.com/zeon-studio/hugoplate v0.0.0-20240101043423-aa00fbb34355/go.mod h1:YlRIwdTWidquf1dhtx+mDfu0I3KVrVQB4wi4UmHlK3E=
